
Microsoft Visual Studio Solution File, Format Version 12.00
# Visual Studio 15
VisualStudioVersion = 15.0.27703.2035
MinimumVisualStudioVersion = 10.0.40219.1
Project("{00D1A9C2-B5F0-4AF3-8072-F6C62B433612}") = "PTS", "JobOptions_PTS\PTS.sqlproj", "{79C51023-91BC-49DD-BCDB-2468C8B4ED28}"
EndProject
Project("{00D1A9C2-B5F0-4AF3-8072-F6C62B433612}") = "Applications", "Applications\Applications.sqlproj", "{38B6C881-3B0F-4D98-805A-C60B02A13375}"
EndProject
Project("{00D1A9C2-B5F0-4AF3-8072-F6C62B433612}") = "Garnish", "Garnish\Garnish.sqlproj", "{08BCEFD3-AD84-4804-8230-CE76705D9D01}"
EndProject
Global
	GlobalSection(SolutionConfigurationPlatforms) = preSolution
		Debug|Any CPU = Debug|Any CPU
		Release|Any CPU = Release|Any CPU
	EndGlobalSection
	GlobalSection(ProjectConfigurationPlatforms) = postSolution
		{79C51023-91BC-49DD-BCDB-2468C8B4ED28}.Debug|Any CPU.ActiveCfg = Debug|Any CPU
		{79C51023-91BC-49DD-BCDB-2468C8B4ED28}.Debug|Any CPU.Build.0 = Debug|Any CPU
		{79C51023-91BC-49DD-BCDB-2468C8B4ED28}.Debug|Any CPU.Deploy.0 = Debug|Any CPU
		{79C51023-91BC-49DD-BCDB-2468C8B4ED28}.Release|Any CPU.ActiveCfg = Release|Any CPU
		{79C51023-91BC-49DD-BCDB-2468C8B4ED28}.Release|Any CPU.Build.0 = Release|Any CPU
		{79C51023-91BC-49DD-BCDB-2468C8B4ED28}.Release|Any CPU.Deploy.0 = Release|Any CPU
		{38B6C881-3B0F-4D98-805A-C60B02A13375}.Debug|Any CPU.ActiveCfg = Debug|Any CPU
		{38B6C881-3B0F-4D98-805A-C60B02A13375}.Debug|Any CPU.Build.0 = Debug|Any CPU
		{38B6C881-3B0F-4D98-805A-C60B02A13375}.Debug|Any CPU.Deploy.0 = Debug|Any CPU
		{38B6C881-3B0F-4D98-805A-C60B02A13375}.Release|Any CPU.ActiveCfg = Release|Any CPU
		{38B6C881-3B0F-4D98-805A-C60B02A13375}.Release|Any CPU.Build.0 = Release|Any CPU
		{38B6C881-3B0F-4D98-805A-C60B02A13375}.Release|Any CPU.Deploy.0 = Release|Any CPU
		{08BCEFD3-AD84-4804-8230-CE76705D9D01}.Debug|Any CPU.ActiveCfg = Debug|Any CPU
		{08BCEFD3-AD84-4804-8230-CE76705D9D01}.Debug|Any CPU.Build.0 = Debug|Any CPU
		{08BCEFD3-AD84-4804-8230-CE76705D9D01}.Debug|Any CPU.Deploy.0 = Debug|Any CPU
		{08BCEFD3-AD84-4804-8230-CE76705D9D01}.Release|Any CPU.ActiveCfg = Release|Any CPU
		{08BCEFD3-AD84-4804-8230-CE76705D9D01}.Release|Any CPU.Build.0 = Release|Any CPU
		{08BCEFD3-AD84-4804-8230-CE76705D9D01}.Release|Any CPU.Deploy.0 = Release|Any CPU
	EndGlobalSection
	GlobalSection(SolutionProperties) = preSolution
		HideSolutionNode = FALSE
	EndGlobalSection
	GlobalSection(ExtensibilityGlobals) = postSolution
		SolutionGuid = {61F5564F-4305-4B5C-85BD-D7E198C6C7F7}
	EndGlobalSection
EndGlobal
